{
  "version": 1,
  "dependencies": {
    "net10.0": {
      "AngleSharp": {
        "type": "Transitive",
        "resolved": "1.5.2",
        "contentHash": "LVZ7rrr6GHbhERhTgVDarVygl1e6KwE96pronA90LBOMacDhxR4lB+xYLjn/vlnUu+xbOB2RM9fuCPEx5bdyWA=="
      },
      "AngleSharp.Css": {
        "type": "Transitive",
        "resolved": "1.0.0-beta.216",
        "contentHash": "RVt/B1pp7HREgerDw8BVZSDC+Uqh+yeL/OGtu57mLLhBBPIQ1oSYrPKOYgdt0EZEK34l7BNCjx4BaQRNRN/ZIw==",
        "dependencies": {
          "AngleSharp": "[1.0.0, 2.0.0)"
        }
      },
      "officeimo.drawing": {
        "type": "Project"
      },
      "officeimo.html": {
        "type": "Project",
        "dependencies": {
          "AngleSharp": "[1.5.2, )",
          "AngleSharp.Css": "[1.0.0-beta.216, )",
          "OfficeIMO.Drawing": "[1.0.30, )",
          "OfficeIMO.Rtf": "[0.1.10, )"
        }
      },
      "officeimo.markdown": {
        "type": "Project",
        "dependencies": {
          "OfficeIMO.Drawing": "[1.0.30, )"
        }
      },
      "officeimo.markdown.html": {
        "type": "Project",
        "dependencies": {
          "OfficeIMO.Html": "[0.1.11, )",
          "OfficeIMO.Markdown": "[0.6.42, )"
        }
      },
      "officeimo.markdownrenderer": {
        "type": "Project",
        "dependencies": {
          "OfficeIMO.Markdown": "[0.6.42, )",
          "OfficeIMO.Markdown.Html": "[0.1.42, )"
        }
      },
      "officeimo.rtf": {
        "type": "Project",
        "dependencies": {
          "OfficeIMO.Drawing": "[1.0.30, )"
        }
      }
    },
    "net8.0": {
      "AngleSharp": {
        "type": "Transitive",
        "resolved": "1.5.2",
        "contentHash": "LVZ7rrr6GHbhERhTgVDarVygl1e6KwE96pronA90LBOMacDhxR4lB+xYLjn/vlnUu+xbOB2RM9fuCPEx5bdyWA=="
      },
      "AngleSharp.Css": {
        "type": "Transitive",
        "resolved": "1.0.0-beta.216",
        "contentHash": "RVt/B1pp7HREgerDw8BVZSDC+Uqh+yeL/OGtu57mLLhBBPIQ1oSYrPKOYgdt0EZEK34l7BNCjx4BaQRNRN/ZIw==",
        "dependencies": {
          "AngleSharp": "[1.0.0, 2.0.0)"
        }
      },
      "officeimo.drawing": {
        "type": "Project"
      },
      "officeimo.html": {
        "type": "Project",
        "dependencies": {
          "AngleSharp": "[1.5.2, )",
          "AngleSharp.Css": "[1.0.0-beta.216, )",
          "OfficeIMO.Drawing": "[1.0.30, )",
          "OfficeIMO.Rtf": "[0.1.10, )"
        }
      },
      "officeimo.markdown": {
        "type": "Project",
        "dependencies": {
          "OfficeIMO.Drawing": "[1.0.30, )"
        }
      },
      "officeimo.markdown.html": {
        "type": "Project",
        "dependencies": {
          "OfficeIMO.Html": "[0.1.11, )",
          "OfficeIMO.Markdown": "[0.6.42, )"
        }
      },
      "officeimo.markdownrenderer": {
        "type": "Project",
        "dependencies": {
          "OfficeIMO.Markdown": "[0.6.42, )",
          "OfficeIMO.Markdown.Html": "[0.1.42, )"
        }
      },
      "officeimo.rtf": {
        "type": "Project",
        "dependencies": {
          "OfficeIMO.Drawing": "[1.0.30, )"
        }
      }
    }
  }
}